// !$*UTF8*$!
{
	archiveVersion = 1;
	classes = {
	};
	objectVersion = 56;
	objects = {

/* Begin PBXBuildFile section */
		281B5F1D2BACC59D00378947 /* Lottie in Frameworks */ = {isa = PBXBuildFile; productRef = 281B5F1C2BACC59D00378947 /* Lottie */; };
		CE73716A2BAF6D6700EFD0D1 /* Dynamic.swift in Sources */ = {isa = PBXBuildFile; fileRef = CE7371692BAF6D6700EFD0D1 /* Dynamic.swift */; };
		CE7371702BAFFB4100EFD0D1 /* StartView.swift in Sources */ = {isa = PBXBuildFile; fileRef = CE73716F2BAFFB4000EFD0D1 /* StartView.swift */; };
		CE7371722BB00CE300EFD0D1 /* UIColor.swift in Sources */ = {isa = PBXBuildFile; fileRef = CE7371712BB00CE300EFD0D1 /* UIColor.swift */; };
		CE7371782BB05DD700EFD0D1 /* MainViewController.swift in Sources */ = {isa = PBXBuildFile; fileRef = CE7371772BB05DD700EFD0D1 /* MainViewController.swift */; };
		CE73717A2BB05DE500EFD0D1 /* MainView.swift in Sources */ = {isa = PBXBuildFile; fileRef = CE7371792BB05DE500EFD0D1 /* MainView.swift */; };
		CE73717C2BB05DF800EFD0D1 /* MainTableViewCell.swift in Sources */ = {isa = PBXBuildFile; fileRef = CE73717B2BB05DF800EFD0D1 /* MainTableViewCell.swift */; };
		CE73717F2BB0648700EFD0D1 /* Book.swift in Sources */ = {isa = PBXBuildFile; fileRef = CE73717E2BB0648700EFD0D1 /* Book.swift */; };
		CE7371812BB0746C00EFD0D1 /* MainViewModel.swift in Sources */ = {isa = PBXBuildFile; fileRef = CE7371802BB0746C00EFD0D1 /* MainViewModel.swift */; };
		CEA634F42BAB61D300575962 /* AppDelegate.swift in Sources */ = {isa = PBXBuildFile; fileRef = CEA634F32BAB61D300575962 /* AppDelegate.swift */; };
		CEA634F62BAB61D300575962 /* SceneDelegate.swift in Sources */ = {isa = PBXBuildFile; fileRef = CEA634F52BAB61D300575962 /* SceneDelegate.swift */; };
		CEA634F82BAB61D300575962 /* StartViewController.swift in Sources */ = {isa = PBXBuildFile; fileRef = CEA634F72BAB61D300575962 /* StartViewController.swift */; };
		CEA634FD2BAB61D300575962 /* Assets.xcassets in Resources */ = {isa = PBXBuildFile; fileRef = CEA634FC2BAB61D300575962 /* Assets.xcassets */; };
		CEA635002BAB61D300575962 /* LaunchScreen.storyboard in Resources */ = {isa = PBXBuildFile; fileRef = CEA634FE2BAB61D300575962 /* LaunchScreen.storyboard */; };
		CEA6350B2BAB69B000575962 /* SnapKit in Frameworks */ = {isa = PBXBuildFile; productRef = CEA6350A2BAB69B000575962 /* SnapKit */; };
		DE699DC22BB06DDA0007CA72 /* Swinject in Frameworks */ = {isa = PBXBuildFile; productRef = DE699DC12BB06DDA0007CA72 /* Swinject */; };
		DE699DC42BB06DDA0007CA72 /* Swinject-Dynamic in Frameworks */ = {isa = PBXBuildFile; productRef = DE699DC32BB06DDA0007CA72 /* Swinject-Dynamic */; };
		DE699DC72BB06DF20007CA72 /* LoginView.swift in Sources */ = {isa = PBXBuildFile; fileRef = DE699DC62BB06DF20007CA72 /* LoginView.swift */; };
		DE699DC92BB06E040007CA72 /* LoginViewController.swift in Sources */ = {isa = PBXBuildFile; fileRef = DE699DC82BB06E040007CA72 /* LoginViewController.swift */; };
		DE699DCB2BB06E120007CA72 /* LoginModel.swift in Sources */ = {isa = PBXBuildFile; fileRef = DE699DCA2BB06E120007CA72 /* LoginModel.swift */; };
		DE699DCE2BB087C00007CA72 /* User.swift in Sources */ = {isa = PBXBuildFile; fileRef = DE699DCD2BB087C00007CA72 /* User.swift */; };
		DE699DD02BB099440007CA72 /* Coordinator.swift in Sources */ = {isa = PBXBuildFile; fileRef = DE699DCF2BB099440007CA72 /* Coordinator.swift */; };
		DE699DD32BB0AE800007CA72 /* HomeScreenViewController.swift in Sources */ = {isa = PBXBuildFile; fileRef = DE699DD22BB0AE800007CA72 /* HomeScreenViewController.swift */; };
/* End PBXBuildFile section */

/* Begin PBXFileReference section */
		CE7371692BAF6D6700EFD0D1 /* Dynamic.swift */ = {isa = PBXFileReference; lastKnownFileType = sourcecode.swift; path = Dynamic.swift; sourceTree = "<group>"; };
		CE73716F2BAFFB4000EFD0D1 /* StartView.swift */ = {isa = PBXFileReference; lastKnownFileType = sourcecode.swift; path = StartView.swift; sourceTree = "<group>"; };
		CE7371712BB00CE300EFD0D1 /* UIColor.swift */ = {isa = PBXFileReference; lastKnownFileType = sourcecode.swift; path = UIColor.swift; sourceTree = "<group>"; };
		CE7371772BB05DD700EFD0D1 /* MainViewController.swift */ = {isa = PBXFileReference; lastKnownFileType = sourcecode.swift; path = MainViewController.swift; sourceTree = "<group>"; };
		CE7371792BB05DE500EFD0D1 /* MainView.swift */ = {isa = PBXFileReference; lastKnownFileType = sourcecode.swift; path = MainView.swift; sourceTree = "<group>"; };
		CE73717B2BB05DF800EFD0D1 /* MainTableViewCell.swift */ = {isa = PBXFileReference; lastKnownFileType = sourcecode.swift; path = MainTableViewCell.swift; sourceTree = "<group>"; };
		CE73717E2BB0648700EFD0D1 /* Book.swift */ = {isa = PBXFileReference; lastKnownFileType = sourcecode.swift; path = Book.swift; sourceTree = "<group>"; };
		CE7371802BB0746C00EFD0D1 /* MainViewModel.swift */ = {isa = PBXFileReference; lastKnownFileType = sourcecode.swift; path = MainViewModel.swift; sourceTree = "<group>"; };
		CEA634F02BAB61D300575962 /* Learnify.app */ = {isa = PBXFileReference; explicitFileType = wrapper.application; includeInIndex = 0; path = Learnify.app; sourceTree = BUILT_PRODUCTS_DIR; };
		CEA634F32BAB61D300575962 /* AppDelegate.swift */ = {isa = PBXFileReference; lastKnownFileType = sourcecode.swift; path = AppDelegate.swift; sourceTree = "<group>"; };
		CEA634F52BAB61D300575962 /* SceneDelegate.swift */ = {isa = PBXFileReference; lastKnownFileType = sourcecode.swift; path = SceneDelegate.swift; sourceTree = "<group>"; };
		CEA634F72BAB61D300575962 /* StartViewController.swift */ = {isa = PBXFileReference; lastKnownFileType = sourcecode.swift; path = StartViewController.swift; sourceTree = "<group>"; };
		CEA634FC2BAB61D300575962 /* Assets.xcassets */ = {isa = PBXFileReference; lastKnownFileType = folder.assetcatalog; path = Assets.xcassets; sourceTree = "<group>"; };
		CEA634FF2BAB61D300575962 /* Base */ = {isa = PBXFileReference; lastKnownFileType = file.storyboard; name = Base; path = Base.lproj/LaunchScreen.storyboard; sourceTree = "<group>"; };
		CEA635012BAB61D300575962 /* Info.plist */ = {isa = PBXFileReference; lastKnownFileType = text.plist.xml; path = Info.plist; sourceTree = "<group>"; };
		DE699DC62BB06DF20007CA72 /* LoginView.swift */ = {isa = PBXFileReference; lastKnownFileType = sourcecode.swift; path = LoginView.swift; sourceTree = "<group>"; };
		DE699DC82BB06E040007CA72 /* LoginViewController.swift */ = {isa = PBXFileReference; lastKnownFileType = sourcecode.swift; path = LoginViewController.swift; sourceTree = "<group>"; };
		DE699DCA2BB06E120007CA72 /* LoginModel.swift */ = {isa = PBXFileReference; lastKnownFileType = sourcecode.swift; path = LoginModel.swift; sourceTree = "<group>"; };
		DE699DCD2BB087C00007CA72 /* User.swift */ = {isa = PBXFileReference; lastKnownFileType = sourcecode.swift; path = User.swift; sourceTree = "<group>"; };
		DE699DCF2BB099440007CA72 /* Coordinator.swift */ = {isa = PBXFileReference; lastKnownFileType = sourcecode.swift; path = Coordinator.swift; sourceTree = "<group>"; };
		DE699DD22BB0AE800007CA72 /* HomeScreenViewController.swift */ = {isa = PBXFileReference; lastKnownFileType = sourcecode.swift; path = HomeScreenViewController.swift; sourceTree = "<group>"; };
/* End PBXFileReference section */

/* Begin PBXFrameworksBuildPhase section */
		CEA634ED2BAB61D300575962 /* Frameworks */ = {
			isa = PBXFrameworksBuildPhase;
			buildActionMask = 2147483647;
			files = (
				CEA6350B2BAB69B000575962 /* SnapKit in Frameworks */,
				DE699DC42BB06DDA0007CA72 /* Swinject-Dynamic in Frameworks */,
				281B5F1D2BACC59D00378947 /* Lottie in Frameworks */,
				DE699DC22BB06DDA0007CA72 /* Swinject in Frameworks */,
			);
			runOnlyForDeploymentPostprocessing = 0;
		};
/* End PBXFrameworksBuildPhase section */

/* Begin PBXGroup section */
		CE7371682BAF6D1800EFD0D1 /* Extensions */ = {
			isa = PBXGroup;
			children = (
				CE7371692BAF6D6700EFD0D1 /* Dynamic.swift */,
				CE7371712BB00CE300EFD0D1 /* UIColor.swift */,
			);
			path = Extensions;
			sourceTree = "<group>";
		};
		CE73716E2BAFF9E300EFD0D1 /* Start screen */ = {
			isa = PBXGroup;
			children = (
				CEA634F72BAB61D300575962 /* StartViewController.swift */,
				CE73716F2BAFFB4000EFD0D1 /* StartView.swift */,
			);
			path = "Start screen";
			sourceTree = "<group>";
		};
		CE7371752BB05DA700EFD0D1 /* Main screen */ = {
			isa = PBXGroup;
			children = (
				CE7371762BB05DC600EFD0D1 /* Views */,
				CE7371802BB0746C00EFD0D1 /* MainViewModel.swift */,
			);
			path = "Main screen";
			sourceTree = "<group>";
		};
		CE7371762BB05DC600EFD0D1 /* Views */ = {
			isa = PBXGroup;
			children = (
				CE7371772BB05DD700EFD0D1 /* MainViewController.swift */,
				CE7371792BB05DE500EFD0D1 /* MainView.swift */,
				CE73717B2BB05DF800EFD0D1 /* MainTableViewCell.swift */,
			);
			path = Views;
			sourceTree = "<group>";
		};
		CE73717D2BB0647B00EFD0D1 /* Models */ = {
			isa = PBXGroup;
			children = (
				CE73717E2BB0648700EFD0D1 /* Book.swift */,
			);
			path = Models;
			sourceTree = "<group>";
		};
		CEA634E72BAB61D300575962 = {
			isa = PBXGroup;
			children = (
				CEA634F22BAB61D300575962 /* Learnify */,
				CEA634F12BAB61D300575962 /* Products */,
			);
			sourceTree = "<group>";
		};
		CEA634F12BAB61D300575962 /* Products */ = {
			isa = PBXGroup;
			children = (
				CEA634F02BAB61D300575962 /* Learnify.app */,
			);
			name = Products;
			sourceTree = "<group>";
		};
		CEA634F22BAB61D300575962 /* Learnify */ = {
			isa = PBXGroup;
			children = (
				CE73717D2BB0647B00EFD0D1 /* Models */,
				DE699DD12BB0AE680007CA72 /* HomeScreen */,
				DE699DCC2BB087A80007CA72 /* Model */,
				DE699DD42BB0D2F00007CA72 /* Cordinator */,
				DE699DC52BB06DE10007CA72 /* LoginScreen */,
				CE73716E2BAFF9E300EFD0D1 /* Start screen */,
				CE7371682BAF6D1800EFD0D1 /* Extensions */,
				CEA635072BAB622800575962 /* AppLife */,
				CE73716E2BAFF9E300EFD0D1 /* Start screen */,
				CE7371752BB05DA700EFD0D1 /* Main screen */,
				CEA634FC2BAB61D300575962 /* Assets.xcassets */,
				CEA634FE2BAB61D300575962 /* LaunchScreen.storyboard */,
				CEA635012BAB61D300575962 /* Info.plist */,
			);
			path = Learnify;
			sourceTree = "<group>";
		};
		CEA635072BAB622800575962 /* AppLife */ = {
			isa = PBXGroup;
			children = (
				CEA634F32BAB61D300575962 /* AppDelegate.swift */,
				CEA634F52BAB61D300575962 /* SceneDelegate.swift */,
			);
			path = AppLife;
			sourceTree = "<group>";
		};
		DE699DC52BB06DE10007CA72 /* LoginScreen */ = {
			isa = PBXGroup;
			children = (
				DE699DC62BB06DF20007CA72 /* LoginView.swift */,
				DE699DC82BB06E040007CA72 /* LoginViewController.swift */,
				DE699DCA2BB06E120007CA72 /* LoginModel.swift */,
			);
			path = LoginScreen;
			sourceTree = "<group>";
		};
		DE699DCC2BB087A80007CA72 /* Model */ = {
			isa = PBXGroup;
			children = (
				DE699DCD2BB087C00007CA72 /* User.swift */,
			);
			path = Model;
			sourceTree = "<group>";
		};
		DE699DD12BB0AE680007CA72 /* HomeScreen */ = {
			isa = PBXGroup;
			children = (
				DE699DD22BB0AE800007CA72 /* HomeScreenViewController.swift */,
			);
			path = HomeScreen;
			sourceTree = "<group>";
		};
		DE699DD42BB0D2F00007CA72 /* Cordinator */ = {
			isa = PBXGroup;
			children = (
				DE699DCF2BB099440007CA72 /* Coordinator.swift */,
			);
			path = Cordinator;
			sourceTree = "<group>";
		};
/* End PBXGroup section */

/* Begin PBXNativeTarget section */
		CEA634EF2BAB61D300575962 /* Learnify */ = {
			isa = PBXNativeTarget;
			buildConfigurationList = CEA635042BAB61D300575962 /* Build configuration list for PBXNativeTarget "Learnify" */;
			buildPhases = (
				CEA634EC2BAB61D300575962 /* Sources */,
				CEA634ED2BAB61D300575962 /* Frameworks */,
				CEA634EE2BAB61D300575962 /* Resources */,
				CEA635082BAB647A00575962 /* ShellScript */,
			);
			buildRules = (
			);
			dependencies = (
			);
			name = Learnify;
			packageProductDependencies = (
				CEA6350A2BAB69B000575962 /* SnapKit */,
				281B5F1C2BACC59D00378947 /* Lottie */,
				DE699DC12BB06DDA0007CA72 /* Swinject */,
				DE699DC32BB06DDA0007CA72 /* Swinject-Dynamic */,
			);
			productName = Learnify;
			productReference = CEA634F02BAB61D300575962 /* Learnify.app */;
			productType = "com.apple.product-type.application";
		};
/* End PBXNativeTarget section */

/* Begin PBXProject section */
		CEA634E82BAB61D300575962 /* Project object */ = {
			isa = PBXProject;
			attributes = {
				BuildIndependentTargetsInParallel = 1;
				LastSwiftUpdateCheck = 1400;
				LastUpgradeCheck = 1400;
				TargetAttributes = {
					CEA634EF2BAB61D300575962 = {
						CreatedOnToolsVersion = 14.0.1;
					};
				};
			};
			buildConfigurationList = CEA634EB2BAB61D300575962 /* Build configuration list for PBXProject "Learnify" */;
			compatibilityVersion = "Xcode 14.0";
			developmentRegion = en;
			hasScannedForEncodings = 0;
			knownRegions = (
				en,
				Base,
			);
			mainGroup = CEA634E72BAB61D300575962;
			packageReferences = (
				CEA635092BAB69B000575962 /* XCRemoteSwiftPackageReference "SnapKit" */,
				281B5F1B2BACC59D00378947 /* XCRemoteSwiftPackageReference "lottie-ios" */,
				DE699DC02BB06DDA0007CA72 /* XCRemoteSwiftPackageReference "Swinject" */,
			);
			productRefGroup = CEA634F12BAB61D300575962 /* Products */;
			projectDirPath = "";
			projectRoot = "";
			targets = (
				CEA634EF2BAB61D300575962 /* Learnify */,
			);
		};
/* End PBXProject section */

/* Begin PBXResourcesBuildPhase section */
		CEA634EE2BAB61D300575962 /* Resources */ = {
			isa = PBXResourcesBuildPhase;
			buildActionMask = 2147483647;
			files = (
				CEA635002BAB61D300575962 /* LaunchScreen.storyboard in Resources */,
				CEA634FD2BAB61D300575962 /* Assets.xcassets in Resources */,
			);
			runOnlyForDeploymentPostprocessing = 0;
		};
/* End PBXResourcesBuildPhase section */

/* Begin PBXShellScriptBuildPhase section */
		CEA635082BAB647A00575962 /* ShellScript */ = {
			isa = PBXShellScriptBuildPhase;
			buildActionMask = 2147483647;
			files = (
			);
			inputFileListPaths = (
			);
			inputPaths = (
			);
			outputFileListPaths = (
			);
			outputPaths = (
			);
			runOnlyForDeploymentPostprocessing = 0;
			shellPath = /bin/sh;
			shellScript = "export PATH=\"$PATH:/opt/homebrew/bin\"\nif which swiftlint >/dev/null; then\n  swiftlint\nelse\n  echo \"error: SwiftLint does not exist, download it from https://github.com/realm/SwiftLint\"\n  exit 1\nfi\n";
		};
/* End PBXShellScriptBuildPhase section */

/* Begin PBXSourcesBuildPhase section */
		CEA634EC2BAB61D300575962 /* Sources */ = {
			isa = PBXSourcesBuildPhase;
			buildActionMask = 2147483647;
			files = (
				CE7371782BB05DD700EFD0D1 /* MainViewController.swift in Sources */,
				CE73717C2BB05DF800EFD0D1 /* MainTableViewCell.swift in Sources */,
				CE73717A2BB05DE500EFD0D1 /* MainView.swift in Sources */,
				CEA634F82BAB61D300575962 /* StartViewController.swift in Sources */,
				DE699DC72BB06DF20007CA72 /* LoginView.swift in Sources */,
				CE7371722BB00CE300EFD0D1 /* UIColor.swift in Sources */,
				CE7371702BAFFB4100EFD0D1 /* StartView.swift in Sources */,
				DE699DCB2BB06E120007CA72 /* LoginModel.swift in Sources */,
				DE699DD32BB0AE800007CA72 /* HomeScreenViewController.swift in Sources */,
				DE699DC92BB06E040007CA72 /* LoginViewController.swift in Sources */,
				DE699DD02BB099440007CA72 /* Coordinator.swift in Sources */,
				CE73716A2BAF6D6700EFD0D1 /* Dynamic.swift in Sources */,
				CEA634F42BAB61D300575962 /* AppDelegate.swift in Sources */,
				CE73717F2BB0648700EFD0D1 /* Book.swift in Sources */,
				CEA634F62BAB61D300575962 /* SceneDelegate.swift in Sources */,
				CE7371812BB0746C00EFD0D1 /* MainViewModel.swift in Sources */,
			);
			runOnlyForDeploymentPostprocessing = 0;
		};
/* End PBXSourcesBuildPhase section */

/* Begin PBXVariantGroup section */
		CEA634FE2BAB61D300575962 /* LaunchScreen.storyboard */ = {
			isa = PBXVariantGroup;
			children = (
				CEA634FF2BAB61D300575962 /* Base */,
			);
			name = LaunchScreen.storyboard;
			sourceTree = "<group>";
		};
/* End PBXVariantGroup section */

/* Begin XCBuildConfiguration section */
		CEA635022BAB61D300575962 /* Debug */ = {
			isa = XCBuildConfiguration;
			buildSettings = {
				ALWAYS_SEARCH_USER_PATHS = NO;
				CLANG_ANALYZER_NONNULL = YES;
				CLANG_ANALYZER_NUMBER_OBJECT_CONVERSION = YES_AGGRESSIVE;
				CLANG_CXX_LANGUAGE_STANDARD = "gnu++20";
				CLANG_ENABLE_MODULES = YES;
				CLANG_ENABLE_OBJC_ARC = YES;
				CLANG_ENABLE_OBJC_WEAK = YES;
				CLANG_WARN_BLOCK_CAPTURE_AUTORELEASING = YES;
				CLANG_WARN_BOOL_CONVERSION = YES;
				CLANG_WARN_COMMA = YES;
				CLANG_WARN_CONSTANT_CONVERSION = YES;
				CLANG_WARN_DEPRECATED_OBJC_IMPLEMENTATIONS = YES;
				CLANG_WARN_DIRECT_OBJC_ISA_USAGE = YES_ERROR;
				CLANG_WARN_DOCUMENTATION_COMMENTS = YES;
				CLANG_WARN_EMPTY_BODY = YES;
				CLANG_WARN_ENUM_CONVERSION = YES;
				CLANG_WARN_INFINITE_RECURSION = YES;
				CLANG_WARN_INT_CONVERSION = YES;
				CLANG_WARN_NON_LITERAL_NULL_CONVERSION = YES;
				CLANG_WARN_OBJC_IMPLICIT_RETAIN_SELF = YES;
				CLANG_WARN_OBJC_LITERAL_CONVERSION = YES;
				CLANG_WARN_OBJC_ROOT_CLASS = YES_ERROR;
				CLANG_WARN_QUOTED_INCLUDE_IN_FRAMEWORK_HEADER = YES;
				CLANG_WARN_RANGE_LOOP_ANALYSIS = YES;
				CLANG_WARN_STRICT_PROTOTYPES = YES;
				CLANG_WARN_SUSPICIOUS_MOVE = YES;
				CLANG_WARN_UNGUARDED_AVAILABILITY = YES_AGGRESSIVE;
				CLANG_WARN_UNREACHABLE_CODE = YES;
				CLANG_WARN__DUPLICATE_METHOD_MATCH = YES;
				COPY_PHASE_STRIP = NO;
				DEBUG_INFORMATION_FORMAT = dwarf;
				ENABLE_STRICT_OBJC_MSGSEND = YES;
				ENABLE_TESTABILITY = YES;
				GCC_C_LANGUAGE_STANDARD = gnu11;
				GCC_DYNAMIC_NO_PIC = NO;
				GCC_NO_COMMON_BLOCKS = YES;
				GCC_OPTIMIZATION_LEVEL = 0;
				GCC_PREPROCESSOR_DEFINITIONS = (
					"DEBUG=1",
					"$(inherited)",
				);
				GCC_WARN_64_TO_32_BIT_CONVERSION = YES;
				GCC_WARN_ABOUT_RETURN_TYPE = YES_ERROR;
				GCC_WARN_UNDECLARED_SELECTOR = YES;
				GCC_WARN_UNINITIALIZED_AUTOS = YES_AGGRESSIVE;
				GCC_WARN_UNUSED_FUNCTION = YES;
				GCC_WARN_UNUSED_VARIABLE = YES;
				IPHONEOS_DEPLOYMENT_TARGET = 16.0;
				MTL_ENABLE_DEBUG_INFO = INCLUDE_SOURCE;
				MTL_FAST_MATH = YES;
				ONLY_ACTIVE_ARCH = YES;
				SDKROOT = iphoneos;
				SWIFT_ACTIVE_COMPILATION_CONDITIONS = DEBUG;
				SWIFT_OPTIMIZATION_LEVEL = "-Onone";
			};
			name = Debug;
		};
		CEA635032BAB61D300575962 /* Release */ = {
			isa = XCBuildConfiguration;
			buildSettings = {
				ALWAYS_SEARCH_USER_PATHS = NO;
				CLANG_ANALYZER_NONNULL = YES;
				CLANG_ANALYZER_NUMBER_OBJECT_CONVERSION = YES_AGGRESSIVE;
				CLANG_CXX_LANGUAGE_STANDARD = "gnu++20";
				CLANG_ENABLE_MODULES = YES;
				CLANG_ENABLE_OBJC_ARC = YES;
				CLANG_ENABLE_OBJC_WEAK = YES;
				CLANG_WARN_BLOCK_CAPTURE_AUTORELEASING = YES;
				CLANG_WARN_BOOL_CONVERSION = YES;
				CLANG_WARN_COMMA = YES;
				CLANG_WARN_CONSTANT_CONVERSION = YES;
				CLANG_WARN_DEPRECATED_OBJC_IMPLEMENTATIONS = YES;
				CLANG_WARN_DIRECT_OBJC_ISA_USAGE = YES_ERROR;
				CLANG_WARN_DOCUMENTATION_COMMENTS = YES;
				CLANG_WARN_EMPTY_BODY = YES;
				CLANG_WARN_ENUM_CONVERSION = YES;
				CLANG_WARN_INFINITE_RECURSION = YES;
				CLANG_WARN_INT_CONVERSION = YES;
				CLANG_WARN_NON_LITERAL_NULL_CONVERSION = YES;
				CLANG_WARN_OBJC_IMPLICIT_RETAIN_SELF = YES;
				CLANG_WARN_OBJC_LITERAL_CONVERSION = YES;
				CLANG_WARN_OBJC_ROOT_CLASS = YES_ERROR;
				CLANG_WARN_QUOTED_INCLUDE_IN_FRAMEWORK_HEADER = YES;
				CLANG_WARN_RANGE_LOOP_ANALYSIS = YES;
				CLANG_WARN_STRICT_PROTOTYPES = YES;
				CLANG_WARN_SUSPICIOUS_MOVE = YES;
				CLANG_WARN_UNGUARDED_AVAILABILITY = YES_AGGRESSIVE;
				CLANG_WARN_UNREACHABLE_CODE = YES;
				CLANG_WARN__DUPLICATE_METHOD_MATCH = YES;
				COPY_PHASE_STRIP = NO;
				DEBUG_INFORMATION_FORMAT = "dwarf-with-dsym";
				ENABLE_NS_ASSERTIONS = NO;
				ENABLE_STRICT_OBJC_MSGSEND = YES;
				GCC_C_LANGUAGE_STANDARD = gnu11;
				GCC_NO_COMMON_BLOCKS = YES;
				GCC_WARN_64_TO_32_BIT_CONVERSION = YES;
				GCC_WARN_ABOUT_RETURN_TYPE = YES_ERROR;
				GCC_WARN_UNDECLARED_SELECTOR = YES;
				GCC_WARN_UNINITIALIZED_AUTOS = YES_AGGRESSIVE;
				GCC_WARN_UNUSED_FUNCTION = YES;
				GCC_WARN_UNUSED_VARIABLE = YES;
				IPHONEOS_DEPLOYMENT_TARGET = 16.0;
				MTL_ENABLE_DEBUG_INFO = NO;
				MTL_FAST_MATH = YES;
				SDKROOT = iphoneos;
				SWIFT_COMPILATION_MODE = wholemodule;
				SWIFT_OPTIMIZATION_LEVEL = "-O";
				VALIDATE_PRODUCT = YES;
			};
			name = Release;
		};
		CEA635052BAB61D300575962 /* Debug */ = {
			isa = XCBuildConfiguration;
			buildSettings = {
				ASSETCATALOG_COMPILER_APPICON_NAME = AppIcon;
				ASSETCATALOG_COMPILER_GLOBAL_ACCENT_COLOR_NAME = AccentColor;
				CODE_SIGN_STYLE = Automatic;
				CURRENT_PROJECT_VERSION = 1;
				GENERATE_INFOPLIST_FILE = YES;
				INFOPLIST_FILE = Learnify/Info.plist;
				INFOPLIST_KEY_UIApplicationSupportsIndirectInputEvents = YES;
				INFOPLIST_KEY_UILaunchStoryboardName = LaunchScreen;
				INFOPLIST_KEY_UISupportedInterfaceOrientations_iPad = "UIInterfaceOrientationPortrait UIInterfaceOrientationPortraitUpsideDown UIInterfaceOrientationLandscapeLeft UIInterfaceOrientationLandscapeRight";
				INFOPLIST_KEY_UISupportedInterfaceOrientations_iPhone = "UIInterfaceOrientationPortrait UIInterfaceOrientationLandscapeLeft UIInterfaceOrientationLandscapeRight";
				LD_RUNPATH_SEARCH_PATHS = (
					"$(inherited)",
					"@executable_path/Frameworks",
				);
				MARKETING_VERSION = 1.0;
				PRODUCT_BUNDLE_IDENTIFIER = e.Learnify;
				PRODUCT_NAME = "$(TARGET_NAME)";
				SWIFT_EMIT_LOC_STRINGS = YES;
				SWIFT_VERSION = 5.0;
				TARGETED_DEVICE_FAMILY = "1,2";
			};
			name = Debug;
		};
		CEA635062BAB61D300575962 /* Release */ = {
			isa = XCBuildConfiguration;
			buildSettings = {
				ASSETCATALOG_COMPILER_APPICON_NAME = AppIcon;
				ASSETCATALOG_COMPILER_GLOBAL_ACCENT_COLOR_NAME = AccentColor;
				CODE_SIGN_STYLE = Automatic;
				CURRENT_PROJECT_VERSION = 1;
				GENERATE_INFOPLIST_FILE = YES;
				INFOPLIST_FILE = Learnify/Info.plist;
				INFOPLIST_KEY_UIApplicationSupportsIndirectInputEvents = YES;
				INFOPLIST_KEY_UILaunchStoryboardName = LaunchScreen;
				INFOPLIST_KEY_UISupportedInterfaceOrientations_iPad = "UIInterfaceOrientationPortrait UIInterfaceOrientationPortraitUpsideDown UIInterfaceOrientationLandscapeLeft UIInterfaceOrientationLandscapeRight";
				INFOPLIST_KEY_UISupportedInterfaceOrientations_iPhone = "UIInterfaceOrientationPortrait UIInterfaceOrientationLandscapeLeft UIInterfaceOrientationLandscapeRight";
				LD_RUNPATH_SEARCH_PATHS = (
					"$(inherited)",
					"@executable_path/Frameworks",
				);
				MARKETING_VERSION = 1.0;
				PRODUCT_BUNDLE_IDENTIFIER = e.Learnify;
				PRODUCT_NAME = "$(TARGET_NAME)";
				SWIFT_EMIT_LOC_STRINGS = YES;
				SWIFT_VERSION = 5.0;
				TARGETED_DEVICE_FAMILY = "1,2";
			};
			name = Release;
		};
/* End XCBuildConfiguration section */

/* Begin XCConfigurationList section */
		CEA634EB2BAB61D300575962 /* Build configuration list for PBXProject "Learnify" */ = {
			isa = XCConfigurationList;
			buildConfigurations = (
				CEA635022BAB61D300575962 /* Debug */,
				CEA635032BAB61D300575962 /* Release */,
			);
			defaultConfigurationIsVisible = 0;
			defaultConfigurationName = Release;
		};
		CEA635042BAB61D300575962 /* Build configuration list for PBXNativeTarget "Learnify" */ = {
			isa = XCConfigurationList;
			buildConfigurations = (
				CEA635052BAB61D300575962 /* Debug */,
				CEA635062BAB61D300575962 /* Release */,
			);
			defaultConfigurationIsVisible = 0;
			defaultConfigurationName = Release;
		};
/* End XCConfigurationList section */

/* Begin XCRemoteSwiftPackageReference section */
		281B5F1B2BACC59D00378947 /* XCRemoteSwiftPackageReference "lottie-ios" */ = {
			isa = XCRemoteSwiftPackageReference;
			repositoryURL = "https://github.com/airbnb/lottie-ios";
			requirement = {
				kind = upToNextMajorVersion;
				minimumVersion = 4.4.1;
			};
		};
		CEA635092BAB69B000575962 /* XCRemoteSwiftPackageReference "SnapKit" */ = {
			isa = XCRemoteSwiftPackageReference;
			repositoryURL = "https://github.com/SnapKit/SnapKit";
			requirement = {
				kind = upToNextMajorVersion;
				minimumVersion = 5.0.0;
			};
		};
		DE699DC02BB06DDA0007CA72 /* XCRemoteSwiftPackageReference "Swinject" */ = {
			isa = XCRemoteSwiftPackageReference;
			repositoryURL = "https://github.com/Swinject/Swinject.git";
			requirement = {
				kind = upToNextMajorVersion;
				minimumVersion = 2.0.0;
			};
		};
/* End XCRemoteSwiftPackageReference section */

/* Begin XCSwiftPackageProductDependency section */
		281B5F1C2BACC59D00378947 /* Lottie */ = {
			isa = XCSwiftPackageProductDependency;
			package = 281B5F1B2BACC59D00378947 /* XCRemoteSwiftPackageReference "lottie-ios" */;
			productName = Lottie;
		};
		CEA6350A2BAB69B000575962 /* SnapKit */ = {
			isa = XCSwiftPackageProductDependency;
			package = CEA635092BAB69B000575962 /* XCRemoteSwiftPackageReference "SnapKit" */;
			productName = SnapKit;
		};
		DE699DC12BB06DDA0007CA72 /* Swinject */ = {
			isa = XCSwiftPackageProductDependency;
			package = DE699DC02BB06DDA0007CA72 /* XCRemoteSwiftPackageReference "Swinject" */;
			productName = Swinject;
		};
		DE699DC32BB06DDA0007CA72 /* Swinject-Dynamic */ = {
			isa = XCSwiftPackageProductDependency;
			package = DE699DC02BB06DDA0007CA72 /* XCRemoteSwiftPackageReference "Swinject" */;
			productName = "Swinject-Dynamic";
		};
/* End XCSwiftPackageProductDependency section */
	};
	rootObject = CEA634E82BAB61D300575962 /* Project object */;
}
