// !$*UTF8*$!
{
	archiveVersion = 1;
	classes = {
	};
	objectVersion = 56;
	objects = {

/* Begin PBXBuildFile section */
		281B5F1D2BACC59D00378947 /* Lottie in Frameworks */ = {isa = PBXBuildFile; productRef = 281B5F1C2BACC59D00378947 /* Lottie */; };
		28D619532BC349CE00CBEF68 /* ProfileScreenSnapshotTests.swift in Sources */ = {isa = PBXBuildFile; fileRef = 28D619522BC349CE00CBEF68 /* ProfileScreenSnapshotTests.swift */; };
		28EA62262BB0B9AC003FBA16 /* ProfileViewController.swift in Sources */ = {isa = PBXBuildFile; fileRef = 28EA62252BB0B9AC003FBA16 /* ProfileViewController.swift */; };
		28EA62282BB0B9DD003FBA16 /* ProfileView.swift in Sources */ = {isa = PBXBuildFile; fileRef = 28EA62272BB0B9DD003FBA16 /* ProfileView.swift */; };
		28EA622A2BB0B9F3003FBA16 /* ProfileViewModel.swift in Sources */ = {isa = PBXBuildFile; fileRef = 28EA62292BB0B9F3003FBA16 /* ProfileViewModel.swift */; };
		28FA87592BC31BC7004BC00F /* ProfileScreenLearnifyTests.swift in Sources */ = {isa = PBXBuildFile; fileRef = 28FA87582BC31BC7004BC00F /* ProfileScreenLearnifyTests.swift */; };
		28FA87662BC31BF1004BC00F /* ProfileScreenLearnifyUITests.swift in Sources */ = {isa = PBXBuildFile; fileRef = 28FA87652BC31BF1004BC00F /* ProfileScreenLearnifyUITests.swift */; };
		28FA87682BC31BF1004BC00F /* LearnifyUITestsLaunchTests.swift in Sources */ = {isa = PBXBuildFile; fileRef = 28FA87672BC31BF1004BC00F /* LearnifyUITestsLaunchTests.swift */; };
		28FA87742BC31F74004BC00F /* MainScreenLearnifyTests.swift in Sources */ = {isa = PBXBuildFile; fileRef = 28FA87732BC31F74004BC00F /* MainScreenLearnifyTests.swift */; };
		CE42A6912BC3D8AE0024A186 /* StartScreenLearnifyUITests.swift in Sources */ = {isa = PBXBuildFile; fileRef = 28FA87772BC3202C004BC00F /* StartScreenLearnifyUITests.swift */; };
		CE52BF702BC5BB2D00052C2E /* LoginScreenLearnifyTests.swift in Sources */ = {isa = PBXBuildFile; fileRef = CE52BF6E2BC5BB2D00052C2E /* LoginScreenLearnifyTests.swift */; };
		CE52BF712BC5BB2D00052C2E /* Extensions.swift in Sources */ = {isa = PBXBuildFile; fileRef = CE52BF6F2BC5BB2D00052C2E /* Extensions.swift */; };
		CE52BF732BC5BB4600052C2E /* LoginScreenLearnifyUITests.swift in Sources */ = {isa = PBXBuildFile; fileRef = CE52BF722BC5BB4600052C2E /* LoginScreenLearnifyUITests.swift */; };
		CE73716A2BAF6D6700EFD0D1 /* Dynamic.swift in Sources */ = {isa = PBXBuildFile; fileRef = CE7371692BAF6D6700EFD0D1 /* Dynamic.swift */; };
		CE7371702BAFFB4100EFD0D1 /* StartView.swift in Sources */ = {isa = PBXBuildFile; fileRef = CE73716F2BAFFB4000EFD0D1 /* StartView.swift */; };
		CE7371722BB00CE300EFD0D1 /* UIColor.swift in Sources */ = {isa = PBXBuildFile; fileRef = CE7371712BB00CE300EFD0D1 /* UIColor.swift */; };
		CE7371782BB05DD700EFD0D1 /* MainViewController.swift in Sources */ = {isa = PBXBuildFile; fileRef = CE7371772BB05DD700EFD0D1 /* MainViewController.swift */; };
		CE73717A2BB05DE500EFD0D1 /* MainView.swift in Sources */ = {isa = PBXBuildFile; fileRef = CE7371792BB05DE500EFD0D1 /* MainView.swift */; };
		CE73717C2BB05DF800EFD0D1 /* MainTableViewCell.swift in Sources */ = {isa = PBXBuildFile; fileRef = CE73717B2BB05DF800EFD0D1 /* MainTableViewCell.swift */; };
		CE73717F2BB0648700EFD0D1 /* Book.swift in Sources */ = {isa = PBXBuildFile; fileRef = CE73717E2BB0648700EFD0D1 /* Book.swift */; };
		CE7371812BB0746C00EFD0D1 /* MainViewModel.swift in Sources */ = {isa = PBXBuildFile; fileRef = CE7371802BB0746C00EFD0D1 /* MainViewModel.swift */; };
		CE7371842BB13A9800EFD0D1 /* EndPoint.swift in Sources */ = {isa = PBXBuildFile; fileRef = CE7371832BB13A9800EFD0D1 /* EndPoint.swift */; };
		CE7371862BB13E9800EFD0D1 /* URLSession.swift in Sources */ = {isa = PBXBuildFile; fileRef = CE7371852BB13E9800EFD0D1 /* URLSession.swift */; };
		CE7371882BB13FC100EFD0D1 /* NetworkError.swift in Sources */ = {isa = PBXBuildFile; fileRef = CE7371872BB13FC100EFD0D1 /* NetworkError.swift */; };
		CE73718E2BB14CF700EFD0D1 /* BookBuilder.swift in Sources */ = {isa = PBXBuildFile; fileRef = CE73718D2BB14CF700EFD0D1 /* BookBuilder.swift */; };
		CE7371902BB1585700EFD0D1 /* ArrayToString.swift in Sources */ = {isa = PBXBuildFile; fileRef = CE73718F2BB1585700EFD0D1 /* ArrayToString.swift */; };
		CE7371912BB17EEC00EFD0D1 /* User.swift in Sources */ = {isa = PBXBuildFile; fileRef = DE699DCD2BB087C00007CA72 /* User.swift */; };
		CE7371942BB183C000EFD0D1 /* Swinject in Frameworks */ = {isa = PBXBuildFile; productRef = CE7371932BB183C000EFD0D1 /* Swinject */; };
		CE75F0BD2BC4795C00712CC6 /* SnapshotTesting in Frameworks */ = {isa = PBXBuildFile; productRef = CE75F0BC2BC4795C00712CC6 /* SnapshotTesting */; };
		CEA634F42BAB61D300575962 /* AppDelegate.swift in Sources */ = {isa = PBXBuildFile; fileRef = CEA634F32BAB61D300575962 /* AppDelegate.swift */; };
		CEA634F62BAB61D300575962 /* SceneDelegate.swift in Sources */ = {isa = PBXBuildFile; fileRef = CEA634F52BAB61D300575962 /* SceneDelegate.swift */; };
		CEA634F82BAB61D300575962 /* StartViewController.swift in Sources */ = {isa = PBXBuildFile; fileRef = CEA634F72BAB61D300575962 /* StartViewController.swift */; };
		CEA634FD2BAB61D300575962 /* Assets.xcassets in Resources */ = {isa = PBXBuildFile; fileRef = CEA634FC2BAB61D300575962 /* Assets.xcassets */; };
		CEA635002BAB61D300575962 /* LaunchScreen.storyboard in Resources */ = {isa = PBXBuildFile; fileRef = CEA634FE2BAB61D300575962 /* LaunchScreen.storyboard */; };
		CEA6350B2BAB69B000575962 /* SnapKit in Frameworks */ = {isa = PBXBuildFile; productRef = CEA6350A2BAB69B000575962 /* SnapKit */; };
		CEB5F0062BC1598200A94B47 /* NetworkService.swift in Sources */ = {isa = PBXBuildFile; fileRef = CEB5F0052BC1598200A94B47 /* NetworkService.swift */; };
		CEB5F0082BC15C2C00A94B47 /* NetworkServiceProtocol.swift in Sources */ = {isa = PBXBuildFile; fileRef = CEB5F0072BC15C2C00A94B47 /* NetworkServiceProtocol.swift */; };
		CEB5F00A2BC15D9300A94B47 /* BookParser.swift in Sources */ = {isa = PBXBuildFile; fileRef = CEB5F0092BC15D9300A94B47 /* BookParser.swift */; };
		CEBDFA532BC5649A00D99186 /* MainScreenSnapshotTest.swift in Sources */ = {isa = PBXBuildFile; fileRef = CEBDFA522BC5649A00D99186 /* MainScreenSnapshotTest.swift */; };
		DE6902562BC469C800F16DDA /* LoginScreenSnapShotTests.swift in Sources */ = {isa = PBXBuildFile; fileRef = DE6902552BC469C800F16DDA /* LoginScreenSnapShotTests.swift */; };
		DE699DC72BB06DF20007CA72 /* LoginView.swift in Sources */ = {isa = PBXBuildFile; fileRef = DE699DC62BB06DF20007CA72 /* LoginView.swift */; };
		DE699DC92BB06E040007CA72 /* LoginViewController.swift in Sources */ = {isa = PBXBuildFile; fileRef = DE699DC82BB06E040007CA72 /* LoginViewController.swift */; };
		DE699DCB2BB06E120007CA72 /* LoginModel.swift in Sources */ = {isa = PBXBuildFile; fileRef = DE699DCA2BB06E120007CA72 /* LoginModel.swift */; };
		DE699DD02BB099440007CA72 /* Coordinator.swift in Sources */ = {isa = PBXBuildFile; fileRef = DE699DCF2BB099440007CA72 /* Coordinator.swift */; };
/* End PBXBuildFile section */

/* Begin PBXContainerItemProxy section */
		28FA875A2BC31BC7004BC00F /* PBXContainerItemProxy */ = {
			isa = PBXContainerItemProxy;
			containerPortal = CEA634E82BAB61D300575962 /* Project object */;
			proxyType = 1;
			remoteGlobalIDString = CEA634EF2BAB61D300575962;
			remoteInfo = Learnify;
		};
		28FA87692BC31BF1004BC00F /* PBXContainerItemProxy */ = {
			isa = PBXContainerItemProxy;
			containerPortal = CEA634E82BAB61D300575962 /* Project object */;
			proxyType = 1;
			remoteGlobalIDString = CEA634EF2BAB61D300575962;
			remoteInfo = Learnify;
		};
/* End PBXContainerItemProxy section */

/* Begin PBXFileReference section */
		28D619522BC349CE00CBEF68 /* ProfileScreenSnapshotTests.swift */ = {isa = PBXFileReference; lastKnownFileType = sourcecode.swift; path = ProfileScreenSnapshotTests.swift; sourceTree = "<group>"; };
		28EA62252BB0B9AC003FBA16 /* ProfileViewController.swift */ = {isa = PBXFileReference; lastKnownFileType = sourcecode.swift; path = ProfileViewController.swift; sourceTree = "<group>"; };
		28EA62272BB0B9DD003FBA16 /* ProfileView.swift */ = {isa = PBXFileReference; lastKnownFileType = sourcecode.swift; path = ProfileView.swift; sourceTree = "<group>"; };
		28EA62292BB0B9F3003FBA16 /* ProfileViewModel.swift */ = {isa = PBXFileReference; lastKnownFileType = sourcecode.swift; path = ProfileViewModel.swift; sourceTree = "<group>"; };
		28FA87562BC31BC7004BC00F /* LearnifyTests.xctest */ = {isa = PBXFileReference; explicitFileType = wrapper.cfbundle; includeInIndex = 0; path = LearnifyTests.xctest; sourceTree = BUILT_PRODUCTS_DIR; };
		28FA87582BC31BC7004BC00F /* ProfileScreenLearnifyTests.swift */ = {isa = PBXFileReference; lastKnownFileType = sourcecode.swift; path = ProfileScreenLearnifyTests.swift; sourceTree = "<group>"; };
		28FA87632BC31BF1004BC00F /* LearnifyUITests.xctest */ = {isa = PBXFileReference; explicitFileType = wrapper.cfbundle; includeInIndex = 0; path = LearnifyUITests.xctest; sourceTree = BUILT_PRODUCTS_DIR; };
		28FA87652BC31BF1004BC00F /* ProfileScreenLearnifyUITests.swift */ = {isa = PBXFileReference; lastKnownFileType = sourcecode.swift; path = ProfileScreenLearnifyUITests.swift; sourceTree = "<group>"; };
		28FA87672BC31BF1004BC00F /* LearnifyUITestsLaunchTests.swift */ = {isa = PBXFileReference; lastKnownFileType = sourcecode.swift; path = LearnifyUITestsLaunchTests.swift; sourceTree = "<group>"; };
		28FA87732BC31F74004BC00F /* MainScreenLearnifyTests.swift */ = {isa = PBXFileReference; lastKnownFileType = sourcecode.swift; path = MainScreenLearnifyTests.swift; sourceTree = "<group>"; };
		28FA87772BC3202C004BC00F /* StartScreenLearnifyUITests.swift */ = {isa = PBXFileReference; lastKnownFileType = sourcecode.swift; path = StartScreenLearnifyUITests.swift; sourceTree = "<group>"; };
		CE52BF6E2BC5BB2D00052C2E /* LoginScreenLearnifyTests.swift */ = {isa = PBXFileReference; fileEncoding = 4; lastKnownFileType = sourcecode.swift; path = LoginScreenLearnifyTests.swift; sourceTree = "<group>"; };
		CE52BF6F2BC5BB2D00052C2E /* Extensions.swift */ = {isa = PBXFileReference; fileEncoding = 4; lastKnownFileType = sourcecode.swift; path = Extensions.swift; sourceTree = "<group>"; };
		CE52BF722BC5BB4600052C2E /* LoginScreenLearnifyUITests.swift */ = {isa = PBXFileReference; fileEncoding = 4; lastKnownFileType = sourcecode.swift; path = LoginScreenLearnifyUITests.swift; sourceTree = "<group>"; };
		CE7371692BAF6D6700EFD0D1 /* Dynamic.swift */ = {isa = PBXFileReference; lastKnownFileType = sourcecode.swift; path = Dynamic.swift; sourceTree = "<group>"; };
		CE73716F2BAFFB4000EFD0D1 /* StartView.swift */ = {isa = PBXFileReference; lastKnownFileType = sourcecode.swift; path = StartView.swift; sourceTree = "<group>"; };
		CE7371712BB00CE300EFD0D1 /* UIColor.swift */ = {isa = PBXFileReference; lastKnownFileType = sourcecode.swift; path = UIColor.swift; sourceTree = "<group>"; };
		CE7371772BB05DD700EFD0D1 /* MainViewController.swift */ = {isa = PBXFileReference; lastKnownFileType = sourcecode.swift; path = MainViewController.swift; sourceTree = "<group>"; };
		CE7371792BB05DE500EFD0D1 /* MainView.swift */ = {isa = PBXFileReference; lastKnownFileType = sourcecode.swift; path = MainView.swift; sourceTree = "<group>"; };
		CE73717B2BB05DF800EFD0D1 /* MainTableViewCell.swift */ = {isa = PBXFileReference; lastKnownFileType = sourcecode.swift; path = MainTableViewCell.swift; sourceTree = "<group>"; };
		CE73717E2BB0648700EFD0D1 /* Book.swift */ = {isa = PBXFileReference; lastKnownFileType = sourcecode.swift; path = Book.swift; sourceTree = "<group>"; };
		CE7371802BB0746C00EFD0D1 /* MainViewModel.swift */ = {isa = PBXFileReference; lastKnownFileType = sourcecode.swift; path = MainViewModel.swift; sourceTree = "<group>"; };
		CE7371832BB13A9800EFD0D1 /* EndPoint.swift */ = {isa = PBXFileReference; lastKnownFileType = sourcecode.swift; path = EndPoint.swift; sourceTree = "<group>"; };
		CE7371852BB13E9800EFD0D1 /* URLSession.swift */ = {isa = PBXFileReference; lastKnownFileType = sourcecode.swift; path = URLSession.swift; sourceTree = "<group>"; };
		CE7371872BB13FC100EFD0D1 /* NetworkError.swift */ = {isa = PBXFileReference; lastKnownFileType = sourcecode.swift; path = NetworkError.swift; sourceTree = "<group>"; };
		CE73718D2BB14CF700EFD0D1 /* BookBuilder.swift */ = {isa = PBXFileReference; lastKnownFileType = sourcecode.swift; path = BookBuilder.swift; sourceTree = "<group>"; };
		CE73718F2BB1585700EFD0D1 /* ArrayToString.swift */ = {isa = PBXFileReference; lastKnownFileType = sourcecode.swift; path = ArrayToString.swift; sourceTree = "<group>"; };
		CEA634F02BAB61D300575962 /* Learnify.app */ = {isa = PBXFileReference; explicitFileType = wrapper.application; includeInIndex = 0; path = Learnify.app; sourceTree = BUILT_PRODUCTS_DIR; };
		CEA634F32BAB61D300575962 /* AppDelegate.swift */ = {isa = PBXFileReference; lastKnownFileType = sourcecode.swift; path = AppDelegate.swift; sourceTree = "<group>"; };
		CEA634F52BAB61D300575962 /* SceneDelegate.swift */ = {isa = PBXFileReference; lastKnownFileType = sourcecode.swift; path = SceneDelegate.swift; sourceTree = "<group>"; };
		CEA634F72BAB61D300575962 /* StartViewController.swift */ = {isa = PBXFileReference; lastKnownFileType = sourcecode.swift; path = StartViewController.swift; sourceTree = "<group>"; };
		CEA634FC2BAB61D300575962 /* Assets.xcassets */ = {isa = PBXFileReference; lastKnownFileType = folder.assetcatalog; path = Assets.xcassets; sourceTree = "<group>"; };
		CEA634FF2BAB61D300575962 /* Base */ = {isa = PBXFileReference; lastKnownFileType = file.storyboard; name = Base; path = Base.lproj/LaunchScreen.storyboard; sourceTree = "<group>"; };
		CEA635012BAB61D300575962 /* Info.plist */ = {isa = PBXFileReference; lastKnownFileType = text.plist.xml; path = Info.plist; sourceTree = "<group>"; };
		CEB5F0052BC1598200A94B47 /* NetworkService.swift */ = {isa = PBXFileReference; lastKnownFileType = sourcecode.swift; path = NetworkService.swift; sourceTree = "<group>"; };
		CEB5F0072BC15C2C00A94B47 /* NetworkServiceProtocol.swift */ = {isa = PBXFileReference; lastKnownFileType = sourcecode.swift; path = NetworkServiceProtocol.swift; sourceTree = "<group>"; };
		CEB5F0092BC15D9300A94B47 /* BookParser.swift */ = {isa = PBXFileReference; lastKnownFileType = sourcecode.swift; path = BookParser.swift; sourceTree = "<group>"; };
		CEBDFA522BC5649A00D99186 /* MainScreenSnapshotTest.swift */ = {isa = PBXFileReference; lastKnownFileType = sourcecode.swift; path = MainScreenSnapshotTest.swift; sourceTree = "<group>"; };
		DE6902552BC469C800F16DDA /* LoginScreenSnapShotTests.swift */ = {isa = PBXFileReference; lastKnownFileType = sourcecode.swift; path = LoginScreenSnapShotTests.swift; sourceTree = "<group>"; };
		DE699DC62BB06DF20007CA72 /* LoginView.swift */ = {isa = PBXFileReference; lastKnownFileType = sourcecode.swift; path = LoginView.swift; sourceTree = "<group>"; };
		DE699DC82BB06E040007CA72 /* LoginViewController.swift */ = {isa = PBXFileReference; lastKnownFileType = sourcecode.swift; path = LoginViewController.swift; sourceTree = "<group>"; };
		DE699DCA2BB06E120007CA72 /* LoginModel.swift */ = {isa = PBXFileReference; lastKnownFileType = sourcecode.swift; path = LoginModel.swift; sourceTree = "<group>"; };
		DE699DCD2BB087C00007CA72 /* User.swift */ = {isa = PBXFileReference; lastKnownFileType = sourcecode.swift; path = User.swift; sourceTree = "<group>"; };
		DE699DCF2BB099440007CA72 /* Coordinator.swift */ = {isa = PBXFileReference; lastKnownFileType = sourcecode.swift; path = Coordinator.swift; sourceTree = "<group>"; };
/* End PBXFileReference section */

/* Begin PBXFrameworksBuildPhase section */
		28FA87532BC31BC7004BC00F /* Frameworks */ = {
			isa = PBXFrameworksBuildPhase;
			buildActionMask = 2147483647;
			files = (
				CE75F0BD2BC4795C00712CC6 /* SnapshotTesting in Frameworks */,
			);
			runOnlyForDeploymentPostprocessing = 0;
		};
		28FA87602BC31BF1004BC00F /* Frameworks */ = {
			isa = PBXFrameworksBuildPhase;
			buildActionMask = 2147483647;
			files = (
			);
			runOnlyForDeploymentPostprocessing = 0;
		};
		CEA634ED2BAB61D300575962 /* Frameworks */ = {
			isa = PBXFrameworksBuildPhase;
			buildActionMask = 2147483647;
			files = (
				CEA6350B2BAB69B000575962 /* SnapKit in Frameworks */,
				281B5F1D2BACC59D00378947 /* Lottie in Frameworks */,
				CE7371942BB183C000EFD0D1 /* Swinject in Frameworks */,
			);
			runOnlyForDeploymentPostprocessing = 0;
		};
/* End PBXFrameworksBuildPhase section */

/* Begin PBXGroup section */
		28D619542BC34BF000CBEF68 /* Frameworks */ = {
			isa = PBXGroup;
			children = (
			);
			name = Frameworks;
			sourceTree = "<group>";
		};
		28EA62222BB0B928003FBA16 /* Profile screen */ = {
			isa = PBXGroup;
			children = (
				28EA62252BB0B9AC003FBA16 /* ProfileViewController.swift */,
				28EA62272BB0B9DD003FBA16 /* ProfileView.swift */,
				28EA62292BB0B9F3003FBA16 /* ProfileViewModel.swift */,
			);
			path = "Profile screen";
			sourceTree = "<group>";
		};
		28FA87572BC31BC7004BC00F /* LearnifyTests */ = {
			isa = PBXGroup;
			children = (
				CE52BF6F2BC5BB2D00052C2E /* Extensions.swift */,
				CE52BF6E2BC5BB2D00052C2E /* LoginScreenLearnifyTests.swift */,
				28FA87582BC31BC7004BC00F /* ProfileScreenLearnifyTests.swift */,
				28FA87732BC31F74004BC00F /* MainScreenLearnifyTests.swift */,
			);
			path = LearnifyTests;
			sourceTree = "<group>";
		};
		28FA87642BC31BF1004BC00F /* LearnifyUITests */ = {
			isa = PBXGroup;
			children = (
				CE52BF722BC5BB4600052C2E /* LoginScreenLearnifyUITests.swift */,
				28FA87652BC31BF1004BC00F /* ProfileScreenLearnifyUITests.swift */,
				28FA87672BC31BF1004BC00F /* LearnifyUITestsLaunchTests.swift */,
				28FA87772BC3202C004BC00F /* StartScreenLearnifyUITests.swift */,
			);
			path = LearnifyUITests;
			sourceTree = "<group>";
		};
		CE7371682BAF6D1800EFD0D1 /* Extensions */ = {
			isa = PBXGroup;
			children = (
				CE7371692BAF6D6700EFD0D1 /* Dynamic.swift */,
				CE7371712BB00CE300EFD0D1 /* UIColor.swift */,
				CE7371852BB13E9800EFD0D1 /* URLSession.swift */,
				CE73718F2BB1585700EFD0D1 /* ArrayToString.swift */,
			);
			path = Extensions;
			sourceTree = "<group>";
		};
		CE73716E2BAFF9E300EFD0D1 /* Start screen */ = {
			isa = PBXGroup;
			children = (
				CEA634F72BAB61D300575962 /* StartViewController.swift */,
				CE73716F2BAFFB4000EFD0D1 /* StartView.swift */,
			);
			path = "Start screen";
			sourceTree = "<group>";
		};
		CE7371752BB05DA700EFD0D1 /* Main screen */ = {
			isa = PBXGroup;
			children = (
				CE7371762BB05DC600EFD0D1 /* Views */,
				CE7371802BB0746C00EFD0D1 /* MainViewModel.swift */,
			);
			path = "Main screen";
			sourceTree = "<group>";
		};
		CE7371762BB05DC600EFD0D1 /* Views */ = {
			isa = PBXGroup;
			children = (
				CE7371772BB05DD700EFD0D1 /* MainViewController.swift */,
				CE7371792BB05DE500EFD0D1 /* MainView.swift */,
				CE73717B2BB05DF800EFD0D1 /* MainTableViewCell.swift */,
			);
			path = Views;
			sourceTree = "<group>";
		};
		CE73717D2BB0647B00EFD0D1 /* Models */ = {
			isa = PBXGroup;
			children = (
				DE699DCD2BB087C00007CA72 /* User.swift */,
				CE73717E2BB0648700EFD0D1 /* Book.swift */,
				CE73718D2BB14CF700EFD0D1 /* BookBuilder.swift */,
			);
			path = Models;
			sourceTree = "<group>";
		};
		CE7371822BB139B100EFD0D1 /* Network */ = {
			isa = PBXGroup;
			children = (
				CE7371832BB13A9800EFD0D1 /* EndPoint.swift */,
				CE7371872BB13FC100EFD0D1 /* NetworkError.swift */,
				CEB5F0052BC1598200A94B47 /* NetworkService.swift */,
				CEB5F0072BC15C2C00A94B47 /* NetworkServiceProtocol.swift */,
				CEB5F0092BC15D9300A94B47 /* BookParser.swift */,
			);
			path = Network;
			sourceTree = "<group>";
		};
		CEA634E72BAB61D300575962 = {
			isa = PBXGroup;
			children = (
				CEA634F22BAB61D300575962 /* Learnify */,
				28FA87572BC31BC7004BC00F /* LearnifyTests */,
				28FA87642BC31BF1004BC00F /* LearnifyUITests */,
				DE69025A2BC4883300F16DDA /* LearnifySnapshotTesting */,
				CEA634F12BAB61D300575962 /* Products */,
				28D619542BC34BF000CBEF68 /* Frameworks */,
			);
			sourceTree = "<group>";
		};
		CEA634F12BAB61D300575962 /* Products */ = {
			isa = PBXGroup;
			children = (
				CEA634F02BAB61D300575962 /* Learnify.app */,
				28FA87562BC31BC7004BC00F /* LearnifyTests.xctest */,
				28FA87632BC31BF1004BC00F /* LearnifyUITests.xctest */,
			);
			name = Products;
			sourceTree = "<group>";
		};
		CEA634F22BAB61D300575962 /* Learnify */ = {
			isa = PBXGroup;
			children = (
				CE73717D2BB0647B00EFD0D1 /* Models */,
				DE699DD42BB0D2F00007CA72 /* Cordinator */,
				DE699DC52BB06DE10007CA72 /* LoginScreen */,
				28EA62222BB0B928003FBA16 /* Profile screen */,
				CE7371682BAF6D1800EFD0D1 /* Extensions */,
				CEA635072BAB622800575962 /* AppLife */,
				CE73716E2BAFF9E300EFD0D1 /* Start screen */,
				CE7371752BB05DA700EFD0D1 /* Main screen */,
				CE7371822BB139B100EFD0D1 /* Network */,
				CEA634FC2BAB61D300575962 /* Assets.xcassets */,
				CEA634FE2BAB61D300575962 /* LaunchScreen.storyboard */,
				CEA635012BAB61D300575962 /* Info.plist */,
			);
			path = Learnify;
			sourceTree = "<group>";
		};
		CEA635072BAB622800575962 /* AppLife */ = {
			isa = PBXGroup;
			children = (
				CEA634F32BAB61D300575962 /* AppDelegate.swift */,
				CEA634F52BAB61D300575962 /* SceneDelegate.swift */,
			);
			path = AppLife;
			sourceTree = "<group>";
		};
		DE69025A2BC4883300F16DDA /* LearnifySnapshotTesting */ = {
			isa = PBXGroup;
			children = (
				28D619522BC349CE00CBEF68 /* ProfileScreenSnapshotTests.swift */,
				CEBDFA522BC5649A00D99186 /* MainScreenSnapshotTest.swift */,
				DE6902552BC469C800F16DDA /* LoginScreenSnapShotTests.swift */,
			);
			path = LearnifySnapshotTesting;
			sourceTree = "<group>";
		};
		DE699DC52BB06DE10007CA72 /* LoginScreen */ = {
			isa = PBXGroup;
			children = (
				DE699DC62BB06DF20007CA72 /* LoginView.swift */,
				DE699DC82BB06E040007CA72 /* LoginViewController.swift */,
				DE699DCA2BB06E120007CA72 /* LoginModel.swift */,
			);
			path = LoginScreen;
			sourceTree = "<group>";
		};
		DE699DD42BB0D2F00007CA72 /* Cordinator */ = {
			isa = PBXGroup;
			children = (
				DE699DCF2BB099440007CA72 /* Coordinator.swift */,
			);
			path = Cordinator;
			sourceTree = "<group>";
		};
/* End PBXGroup section */

/* Begin PBXNativeTarget section */
		28FA87552BC31BC7004BC00F /* LearnifyTests */ = {
			isa = PBXNativeTarget;
			buildConfigurationList = 28FA875E2BC31BC7004BC00F /* Build configuration list for PBXNativeTarget "LearnifyTests" */;
			buildPhases = (
				28FA87522BC31BC7004BC00F /* Sources */,
				28FA87532BC31BC7004BC00F /* Frameworks */,
				28FA87542BC31BC7004BC00F /* Resources */,
			);
			buildRules = (
			);
			dependencies = (
				28FA875B2BC31BC7004BC00F /* PBXTargetDependency */,
			);
			name = LearnifyTests;
			packageProductDependencies = (
				CE75F0BC2BC4795C00712CC6 /* SnapshotTesting */,
			);
			productName = LearnifyTests;
			productReference = 28FA87562BC31BC7004BC00F /* LearnifyTests.xctest */;
			productType = "com.apple.product-type.bundle.unit-test";
		};
		28FA87622BC31BF1004BC00F /* LearnifyUITests */ = {
			isa = PBXNativeTarget;
			buildConfigurationList = 28FA876B2BC31BF1004BC00F /* Build configuration list for PBXNativeTarget "LearnifyUITests" */;
			buildPhases = (
				28FA875F2BC31BF1004BC00F /* Sources */,
				28FA87602BC31BF1004BC00F /* Frameworks */,
				28FA87612BC31BF1004BC00F /* Resources */,
			);
			buildRules = (
			);
			dependencies = (
				28FA876A2BC31BF1004BC00F /* PBXTargetDependency */,
			);
			name = LearnifyUITests;
			productName = LearnifyUITests;
			productReference = 28FA87632BC31BF1004BC00F /* LearnifyUITests.xctest */;
			productType = "com.apple.product-type.bundle.ui-testing";
		};
		CEA634EF2BAB61D300575962 /* Learnify */ = {
			isa = PBXNativeTarget;
			buildConfigurationList = CEA635042BAB61D300575962 /* Build configuration list for PBXNativeTarget "Learnify" */;
			buildPhases = (
				CEA634EC2BAB61D300575962 /* Sources */,
				CEA634ED2BAB61D300575962 /* Frameworks */,
				CEA634EE2BAB61D300575962 /* Resources */,
				CEA635082BAB647A00575962 /* ShellScript */,
			);
			buildRules = (
			);
			dependencies = (
			);
			name = Learnify;
			packageProductDependencies = (
				CEA6350A2BAB69B000575962 /* SnapKit */,
				281B5F1C2BACC59D00378947 /* Lottie */,
				CE7371932BB183C000EFD0D1 /* Swinject */,
			);
			productName = Learnify;
			productReference = CEA634F02BAB61D300575962 /* Learnify.app */;
			productType = "com.apple.product-type.application";
		};
/* End PBXNativeTarget section */

/* Begin PBXProject section */
		CEA634E82BAB61D300575962 /* Project object */ = {
			isa = PBXProject;
			attributes = {
				BuildIndependentTargetsInParallel = 1;
				KnownAssetTags = (
					New,
				);
				LastSwiftUpdateCheck = 1400;
				LastUpgradeCheck = 1400;
				TargetAttributes = {
					28FA87552BC31BC7004BC00F = {
						CreatedOnToolsVersion = 15.0;
						TestTargetID = CEA634EF2BAB61D300575962;
					};
					28FA87622BC31BF1004BC00F = {
						CreatedOnToolsVersion = 15.0;
						TestTargetID = CEA634EF2BAB61D300575962;
					};
					CEA634EF2BAB61D300575962 = {
						CreatedOnToolsVersion = 14.0.1;
					};
				};
			};
			buildConfigurationList = CEA634EB2BAB61D300575962 /* Build configuration list for PBXProject "Learnify" */;
			compatibilityVersion = "Xcode 14.0";
			developmentRegion = en;
			hasScannedForEncodings = 0;
			knownRegions = (
				en,
				Base,
			);
			mainGroup = CEA634E72BAB61D300575962;
			packageReferences = (
				CEA635092BAB69B000575962 /* XCRemoteSwiftPackageReference "SnapKit" */,
				281B5F1B2BACC59D00378947 /* XCRemoteSwiftPackageReference "lottie-ios" */,
				CE7371922BB183C000EFD0D1 /* XCRemoteSwiftPackageReference "Swinject" */,
				CE75F0BB2BC4795C00712CC6 /* XCRemoteSwiftPackageReference "swift-snapshot-testing" */,
			);
			productRefGroup = CEA634F12BAB61D300575962 /* Products */;
			projectDirPath = "";
			projectRoot = "";
			targets = (
				CEA634EF2BAB61D300575962 /* Learnify */,
				28FA87552BC31BC7004BC00F /* LearnifyTests */,
				28FA87622BC31BF1004BC00F /* LearnifyUITests */,
			);
		};
/* End PBXProject section */

/* Begin PBXResourcesBuildPhase section */
		28FA87542BC31BC7004BC00F /* Resources */ = {
			isa = PBXResourcesBuildPhase;
			buildActionMask = 2147483647;
			files = (
			);
			runOnlyForDeploymentPostprocessing = 0;
		};
		28FA87612BC31BF1004BC00F /* Resources */ = {
			isa = PBXResourcesBuildPhase;
			buildActionMask = 2147483647;
			files = (
			);
			runOnlyForDeploymentPostprocessing = 0;
		};
		CEA634EE2BAB61D300575962 /* Resources */ = {
			isa = PBXResourcesBuildPhase;
			buildActionMask = 2147483647;
			files = (
				CEA635002BAB61D300575962 /* LaunchScreen.storyboard in Resources */,
				CEA634FD2BAB61D300575962 /* Assets.xcassets in Resources */,
			);
			runOnlyForDeploymentPostprocessing = 0;
		};
/* End PBXResourcesBuildPhase section */

/* Begin PBXShellScriptBuildPhase section */
		CEA635082BAB647A00575962 /* ShellScript */ = {
			isa = PBXShellScriptBuildPhase;
			buildActionMask = 2147483647;
			files = (
			);
			inputFileListPaths = (
			);
			inputPaths = (
			);
			outputFileListPaths = (
			);
			outputPaths = (
			);
			runOnlyForDeploymentPostprocessing = 0;
			shellPath = /bin/sh;
			shellScript = "export PATH=\"$PATH:/opt/homebrew/bin\"\nif which swiftlint >/dev/null; then\n  swiftlint\nelse\n  echo \"error: SwiftLint does not exist, download it from https://github.com/realm/SwiftLint\"\n  exit 1\nfi\n";
		};
/* End PBXShellScriptBuildPhase section */

/* Begin PBXSourcesBuildPhase section */
		28FA87522BC31BC7004BC00F /* Sources */ = {
			isa = PBXSourcesBuildPhase;
			buildActionMask = 2147483647;
			files = (
				CEBDFA532BC5649A00D99186 /* MainScreenSnapshotTest.swift in Sources */,
				DE6902562BC469C800F16DDA /* LoginScreenSnapShotTests.swift in Sources */,
				CE52BF712BC5BB2D00052C2E /* Extensions.swift in Sources */,
				CE52BF702BC5BB2D00052C2E /* LoginScreenLearnifyTests.swift in Sources */,
				28FA87592BC31BC7004BC00F /* ProfileScreenLearnifyTests.swift in Sources */,
				28FA87742BC31F74004BC00F /* MainScreenLearnifyTests.swift in Sources */,
				28D619532BC349CE00CBEF68 /* ProfileScreenSnapshotTests.swift in Sources */,
			);
			runOnlyForDeploymentPostprocessing = 0;
		};
		28FA875F2BC31BF1004BC00F /* Sources */ = {
			isa = PBXSourcesBuildPhase;
			buildActionMask = 2147483647;
			files = (
				CE42A6912BC3D8AE0024A186 /* StartScreenLearnifyUITests.swift in Sources */,
				28FA87682BC31BF1004BC00F /* LearnifyUITestsLaunchTests.swift in Sources */,
				CE52BF732BC5BB4600052C2E /* LoginScreenLearnifyUITests.swift in Sources */,
				28FA87662BC31BF1004BC00F /* ProfileScreenLearnifyUITests.swift in Sources */,
			);
			runOnlyForDeploymentPostprocessing = 0;
		};
		CEA634EC2BAB61D300575962 /* Sources */ = {
			isa = PBXSourcesBuildPhase;
			buildActionMask = 2147483647;
			files = (
				CE7371782BB05DD700EFD0D1 /* MainViewController.swift in Sources */,
				CE7371882BB13FC100EFD0D1 /* NetworkError.swift in Sources */,
				CE73717C2BB05DF800EFD0D1 /* MainTableViewCell.swift in Sources */,
				CE73717A2BB05DE500EFD0D1 /* MainView.swift in Sources */,
				28EA622A2BB0B9F3003FBA16 /* ProfileViewModel.swift in Sources */,
				CEB5F0062BC1598200A94B47 /* NetworkService.swift in Sources */,
				28EA62282BB0B9DD003FBA16 /* ProfileView.swift in Sources */,
				CEA634F82BAB61D300575962 /* StartViewController.swift in Sources */,
				DE699DC72BB06DF20007CA72 /* LoginView.swift in Sources */,
				CE7371722BB00CE300EFD0D1 /* UIColor.swift in Sources */,
				CE7371702BAFFB4100EFD0D1 /* StartView.swift in Sources */,
				CE7371842BB13A9800EFD0D1 /* EndPoint.swift in Sources */,
				CE73718E2BB14CF700EFD0D1 /* BookBuilder.swift in Sources */,
				DE699DCB2BB06E120007CA72 /* LoginModel.swift in Sources */,
				DE699DC92BB06E040007CA72 /* LoginViewController.swift in Sources */,
				DE699DD02BB099440007CA72 /* Coordinator.swift in Sources */,
				CE73716A2BAF6D6700EFD0D1 /* Dynamic.swift in Sources */,
				CE7371862BB13E9800EFD0D1 /* URLSession.swift in Sources */,
				28EA62262BB0B9AC003FBA16 /* ProfileViewController.swift in Sources */,
				CEA634F42BAB61D300575962 /* AppDelegate.swift in Sources */,
				CE73717F2BB0648700EFD0D1 /* Book.swift in Sources */,
				CEA634F62BAB61D300575962 /* SceneDelegate.swift in Sources */,
				CEB5F00A2BC15D9300A94B47 /* BookParser.swift in Sources */,
				CE7371912BB17EEC00EFD0D1 /* User.swift in Sources */,
				CE7371812BB0746C00EFD0D1 /* MainViewModel.swift in Sources */,
				CEB5F0082BC15C2C00A94B47 /* NetworkServiceProtocol.swift in Sources */,
				CE7371902BB1585700EFD0D1 /* ArrayToString.swift in Sources */,
			);
			runOnlyForDeploymentPostprocessing = 0;
		};
/* End PBXSourcesBuildPhase section */

/* Begin PBXTargetDependency section */
		28FA875B2BC31BC7004BC00F /* PBXTargetDependency */ = {
			isa = PBXTargetDependency;
			target = CEA634EF2BAB61D300575962 /* Learnify */;
			targetProxy = 28FA875A2BC31BC7004BC00F /* PBXContainerItemProxy */;
		};
		28FA876A2BC31BF1004BC00F /* PBXTargetDependency */ = {
			isa = PBXTargetDependency;
			target = CEA634EF2BAB61D300575962 /* Learnify */;
			targetProxy = 28FA87692BC31BF1004BC00F /* PBXContainerItemProxy */;
		};
/* End PBXTargetDependency section */

/* Begin PBXVariantGroup section */
		CEA634FE2BAB61D300575962 /* LaunchScreen.storyboard */ = {
			isa = PBXVariantGroup;
			children = (
				CEA634FF2BAB61D300575962 /* Base */,
			);
			name = LaunchScreen.storyboard;
			sourceTree = "<group>";
		};
/* End PBXVariantGroup section */

/* Begin XCBuildConfiguration section */
		28FA875C2BC31BC7004BC00F /* Debug */ = {
			isa = XCBuildConfiguration;
			buildSettings = {
				ASSETCATALOG_COMPILER_GENERATE_SWIFT_ASSET_SYMBOL_EXTENSIONS = YES;
				BUNDLE_LOADER = "$(TEST_HOST)";
				CODE_SIGN_STYLE = Automatic;
				CURRENT_PROJECT_VERSION = 1;
				DEVELOPMENT_TEAM = DBJ2D69UL9;
				ENABLE_USER_SCRIPT_SANDBOXING = YES;
				GCC_C_LANGUAGE_STANDARD = gnu17;
				GENERATE_INFOPLIST_FILE = YES;
				IPHONEOS_DEPLOYMENT_TARGET = 16.0;
				LOCALIZATION_PREFERS_STRING_CATALOGS = YES;
				MARKETING_VERSION = 1.0;
				PRODUCT_BUNDLE_IDENTIFIER = yazzgul.LearnifyTests;
				PRODUCT_NAME = "$(TARGET_NAME)";
				SWIFT_ACTIVE_COMPILATION_CONDITIONS = "DEBUG $(inherited)";
				SWIFT_EMIT_LOC_STRINGS = NO;
				SWIFT_VERSION = 5.0;
				TARGETED_DEVICE_FAMILY = "1,2";
				TEST_HOST = "$(BUILT_PRODUCTS_DIR)/Learnify.app/$(BUNDLE_EXECUTABLE_FOLDER_PATH)/Learnify";
			};
			name = Debug;
		};
		28FA875D2BC31BC7004BC00F /* Release */ = {
			isa = XCBuildConfiguration;
			buildSettings = {
				ASSETCATALOG_COMPILER_GENERATE_SWIFT_ASSET_SYMBOL_EXTENSIONS = YES;
				BUNDLE_LOADER = "$(TEST_HOST)";
				CODE_SIGN_STYLE = Automatic;
				CURRENT_PROJECT_VERSION = 1;
				DEVELOPMENT_TEAM = DBJ2D69UL9;
				ENABLE_USER_SCRIPT_SANDBOXING = YES;
				GCC_C_LANGUAGE_STANDARD = gnu17;
				GENERATE_INFOPLIST_FILE = YES;
				IPHONEOS_DEPLOYMENT_TARGET = 16.0;
				LOCALIZATION_PREFERS_STRING_CATALOGS = YES;
				MARKETING_VERSION = 1.0;
				PRODUCT_BUNDLE_IDENTIFIER = yazzgul.LearnifyTests;
				PRODUCT_NAME = "$(TARGET_NAME)";
				SWIFT_EMIT_LOC_STRINGS = NO;
				SWIFT_VERSION = 5.0;
				TARGETED_DEVICE_FAMILY = "1,2";
				TEST_HOST = "$(BUILT_PRODUCTS_DIR)/Learnify.app/$(BUNDLE_EXECUTABLE_FOLDER_PATH)/Learnify";
			};
			name = Release;
		};
		28FA876C2BC31BF1004BC00F /* Debug */ = {
			isa = XCBuildConfiguration;
			buildSettings = {
				ASSETCATALOG_COMPILER_GENERATE_SWIFT_ASSET_SYMBOL_EXTENSIONS = YES;
				CODE_SIGN_STYLE = Automatic;
				CURRENT_PROJECT_VERSION = 1;
				DEVELOPMENT_TEAM = DBJ2D69UL9;
				ENABLE_USER_SCRIPT_SANDBOXING = YES;
				GCC_C_LANGUAGE_STANDARD = gnu17;
				GENERATE_INFOPLIST_FILE = YES;
				IPHONEOS_DEPLOYMENT_TARGET = 16.0;
				LOCALIZATION_PREFERS_STRING_CATALOGS = YES;
				MARKETING_VERSION = 1.0;
				PRODUCT_BUNDLE_IDENTIFIER = yazzgul.LearnifyUITests;
				PRODUCT_NAME = "$(TARGET_NAME)";
				SWIFT_ACTIVE_COMPILATION_CONDITIONS = "DEBUG $(inherited)";
				SWIFT_EMIT_LOC_STRINGS = NO;
				SWIFT_VERSION = 5.0;
				TARGETED_DEVICE_FAMILY = "1,2";
				TEST_TARGET_NAME = Learnify;
			};
			name = Debug;
		};
		28FA876D2BC31BF1004BC00F /* Release */ = {
			isa = XCBuildConfiguration;
			buildSettings = {
				ASSETCATALOG_COMPILER_GENERATE_SWIFT_ASSET_SYMBOL_EXTENSIONS = YES;
				CODE_SIGN_STYLE = Automatic;
				CURRENT_PROJECT_VERSION = 1;
				DEVELOPMENT_TEAM = DBJ2D69UL9;
				ENABLE_USER_SCRIPT_SANDBOXING = YES;
				GCC_C_LANGUAGE_STANDARD = gnu17;
				GENERATE_INFOPLIST_FILE = YES;
				IPHONEOS_DEPLOYMENT_TARGET = 16.0;
				LOCALIZATION_PREFERS_STRING_CATALOGS = YES;
				MARKETING_VERSION = 1.0;
				PRODUCT_BUNDLE_IDENTIFIER = yazzgul.LearnifyUITests;
				PRODUCT_NAME = "$(TARGET_NAME)";
				SWIFT_EMIT_LOC_STRINGS = NO;
				SWIFT_VERSION = 5.0;
				TARGETED_DEVICE_FAMILY = "1,2";
				TEST_TARGET_NAME = Learnify;
			};
			name = Release;
		};
		CEA635022BAB61D300575962 /* Debug */ = {
			isa = XCBuildConfiguration;
			buildSettings = {
				ALWAYS_SEARCH_USER_PATHS = NO;
				CLANG_ANALYZER_NONNULL = YES;
				CLANG_ANALYZER_NUMBER_OBJECT_CONVERSION = YES_AGGRESSIVE;
				CLANG_CXX_LANGUAGE_STANDARD = "gnu++20";
				CLANG_ENABLE_MODULES = YES;
				CLANG_ENABLE_OBJC_ARC = YES;
				CLANG_ENABLE_OBJC_WEAK = YES;
				CLANG_WARN_BLOCK_CAPTURE_AUTORELEASING = YES;
				CLANG_WARN_BOOL_CONVERSION = YES;
				CLANG_WARN_COMMA = YES;
				CLANG_WARN_CONSTANT_CONVERSION = YES;
				CLANG_WARN_DEPRECATED_OBJC_IMPLEMENTATIONS = YES;
				CLANG_WARN_DIRECT_OBJC_ISA_USAGE = YES_ERROR;
				CLANG_WARN_DOCUMENTATION_COMMENTS = YES;
				CLANG_WARN_EMPTY_BODY = YES;
				CLANG_WARN_ENUM_CONVERSION = YES;
				CLANG_WARN_INFINITE_RECURSION = YES;
				CLANG_WARN_INT_CONVERSION = YES;
				CLANG_WARN_NON_LITERAL_NULL_CONVERSION = YES;
				CLANG_WARN_OBJC_IMPLICIT_RETAIN_SELF = YES;
				CLANG_WARN_OBJC_LITERAL_CONVERSION = YES;
				CLANG_WARN_OBJC_ROOT_CLASS = YES_ERROR;
				CLANG_WARN_QUOTED_INCLUDE_IN_FRAMEWORK_HEADER = YES;
				CLANG_WARN_RANGE_LOOP_ANALYSIS = YES;
				CLANG_WARN_STRICT_PROTOTYPES = YES;
				CLANG_WARN_SUSPICIOUS_MOVE = YES;
				CLANG_WARN_UNGUARDED_AVAILABILITY = YES_AGGRESSIVE;
				CLANG_WARN_UNREACHABLE_CODE = YES;
				CLANG_WARN__DUPLICATE_METHOD_MATCH = YES;
				COPY_PHASE_STRIP = NO;
				DEBUG_INFORMATION_FORMAT = dwarf;
				ENABLE_STRICT_OBJC_MSGSEND = YES;
				ENABLE_TESTABILITY = YES;
				GCC_C_LANGUAGE_STANDARD = gnu11;
				GCC_DYNAMIC_NO_PIC = NO;
				GCC_NO_COMMON_BLOCKS = YES;
				GCC_OPTIMIZATION_LEVEL = 0;
				GCC_PREPROCESSOR_DEFINITIONS = (
					"DEBUG=1",
					"$(inherited)",
				);
				GCC_WARN_64_TO_32_BIT_CONVERSION = YES;
				GCC_WARN_ABOUT_RETURN_TYPE = YES_ERROR;
				GCC_WARN_UNDECLARED_SELECTOR = YES;
				GCC_WARN_UNINITIALIZED_AUTOS = YES_AGGRESSIVE;
				GCC_WARN_UNUSED_FUNCTION = YES;
				GCC_WARN_UNUSED_VARIABLE = YES;
				IPHONEOS_DEPLOYMENT_TARGET = 17.4;
				MTL_ENABLE_DEBUG_INFO = INCLUDE_SOURCE;
				MTL_FAST_MATH = YES;
				ONLY_ACTIVE_ARCH = YES;
				SDKROOT = iphoneos;
				SWIFT_ACTIVE_COMPILATION_CONDITIONS = DEBUG;
				SWIFT_OPTIMIZATION_LEVEL = "-Onone";
			};
			name = Debug;
		};
		CEA635032BAB61D300575962 /* Release */ = {
			isa = XCBuildConfiguration;
			buildSettings = {
				ALWAYS_SEARCH_USER_PATHS = NO;
				CLANG_ANALYZER_NONNULL = YES;
				CLANG_ANALYZER_NUMBER_OBJECT_CONVERSION = YES_AGGRESSIVE;
				CLANG_CXX_LANGUAGE_STANDARD = "gnu++20";
				CLANG_ENABLE_MODULES = YES;
				CLANG_ENABLE_OBJC_ARC = YES;
				CLANG_ENABLE_OBJC_WEAK = YES;
				CLANG_WARN_BLOCK_CAPTURE_AUTORELEASING = YES;
				CLANG_WARN_BOOL_CONVERSION = YES;
				CLANG_WARN_COMMA = YES;
				CLANG_WARN_CONSTANT_CONVERSION = YES;
				CLANG_WARN_DEPRECATED_OBJC_IMPLEMENTATIONS = YES;
				CLANG_WARN_DIRECT_OBJC_ISA_USAGE = YES_ERROR;
				CLANG_WARN_DOCUMENTATION_COMMENTS = YES;
				CLANG_WARN_EMPTY_BODY = YES;
				CLANG_WARN_ENUM_CONVERSION = YES;
				CLANG_WARN_INFINITE_RECURSION = YES;
				CLANG_WARN_INT_CONVERSION = YES;
				CLANG_WARN_NON_LITERAL_NULL_CONVERSION = YES;
				CLANG_WARN_OBJC_IMPLICIT_RETAIN_SELF = YES;
				CLANG_WARN_OBJC_LITERAL_CONVERSION = YES;
				CLANG_WARN_OBJC_ROOT_CLASS = YES_ERROR;
				CLANG_WARN_QUOTED_INCLUDE_IN_FRAMEWORK_HEADER = YES;
				CLANG_WARN_RANGE_LOOP_ANALYSIS = YES;
				CLANG_WARN_STRICT_PROTOTYPES = YES;
				CLANG_WARN_SUSPICIOUS_MOVE = YES;
				CLANG_WARN_UNGUARDED_AVAILABILITY = YES_AGGRESSIVE;
				CLANG_WARN_UNREACHABLE_CODE = YES;
				CLANG_WARN__DUPLICATE_METHOD_MATCH = YES;
				COPY_PHASE_STRIP = NO;
				DEBUG_INFORMATION_FORMAT = "dwarf-with-dsym";
				ENABLE_NS_ASSERTIONS = NO;
				ENABLE_STRICT_OBJC_MSGSEND = YES;
				ENABLE_TESTABILITY = YES;
				GCC_C_LANGUAGE_STANDARD = gnu11;
				GCC_NO_COMMON_BLOCKS = YES;
				GCC_WARN_64_TO_32_BIT_CONVERSION = YES;
				GCC_WARN_ABOUT_RETURN_TYPE = YES_ERROR;
				GCC_WARN_UNDECLARED_SELECTOR = YES;
				GCC_WARN_UNINITIALIZED_AUTOS = YES_AGGRESSIVE;
				GCC_WARN_UNUSED_FUNCTION = YES;
				GCC_WARN_UNUSED_VARIABLE = YES;
				IPHONEOS_DEPLOYMENT_TARGET = 17.4;
				MTL_ENABLE_DEBUG_INFO = NO;
				MTL_FAST_MATH = YES;
				SDKROOT = iphoneos;
				SWIFT_COMPILATION_MODE = wholemodule;
				SWIFT_OPTIMIZATION_LEVEL = "-O";
				VALIDATE_PRODUCT = YES;
			};
			name = Release;
		};
		CEA635052BAB61D300575962 /* Debug */ = {
			isa = XCBuildConfiguration;
			buildSettings = {
				ASSETCATALOG_COMPILER_APPICON_NAME = AppIcon;
				ASSETCATALOG_COMPILER_GLOBAL_ACCENT_COLOR_NAME = AccentColor;
				CODE_SIGN_STYLE = Automatic;
				CURRENT_PROJECT_VERSION = 1;
				DEVELOPMENT_TEAM = M7U2MKC2VB;
				GENERATE_INFOPLIST_FILE = YES;
				INFOPLIST_FILE = Learnify/Info.plist;
				INFOPLIST_KEY_UIApplicationSupportsIndirectInputEvents = YES;
				INFOPLIST_KEY_UILaunchStoryboardName = LaunchScreen;
				INFOPLIST_KEY_UISupportedInterfaceOrientations_iPad = "UIInterfaceOrientationPortrait UIInterfaceOrientationPortraitUpsideDown UIInterfaceOrientationLandscapeLeft UIInterfaceOrientationLandscapeRight";
				INFOPLIST_KEY_UISupportedInterfaceOrientations_iPhone = "UIInterfaceOrientationPortrait UIInterfaceOrientationLandscapeLeft UIInterfaceOrientationLandscapeRight";
				IPHONEOS_DEPLOYMENT_TARGET = 16.0;
				LD_RUNPATH_SEARCH_PATHS = (
					"$(inherited)",
					"@executable_path/Frameworks",
				);
				MARKETING_VERSION = 1.0;
				PRODUCT_BUNDLE_IDENTIFIER = e.Learnify;
				PRODUCT_NAME = "$(TARGET_NAME)";
				SWIFT_EMIT_LOC_STRINGS = YES;
				SWIFT_VERSION = 5.0;
				TARGETED_DEVICE_FAMILY = "1,2";
			};
			name = Debug;
		};
		CEA635062BAB61D300575962 /* Release */ = {
			isa = XCBuildConfiguration;
			buildSettings = {
				ASSETCATALOG_COMPILER_APPICON_NAME = AppIcon;
				ASSETCATALOG_COMPILER_GLOBAL_ACCENT_COLOR_NAME = AccentColor;
				CODE_SIGN_STYLE = Automatic;
				CURRENT_PROJECT_VERSION = 1;
				DEVELOPMENT_TEAM = M7U2MKC2VB;
				GENERATE_INFOPLIST_FILE = YES;
				INFOPLIST_FILE = Learnify/Info.plist;
				INFOPLIST_KEY_UIApplicationSupportsIndirectInputEvents = YES;
				INFOPLIST_KEY_UILaunchStoryboardName = LaunchScreen;
				INFOPLIST_KEY_UISupportedInterfaceOrientations_iPad = "UIInterfaceOrientationPortrait UIInterfaceOrientationPortraitUpsideDown UIInterfaceOrientationLandscapeLeft UIInterfaceOrientationLandscapeRight";
				INFOPLIST_KEY_UISupportedInterfaceOrientations_iPhone = "UIInterfaceOrientationPortrait UIInterfaceOrientationLandscapeLeft UIInterfaceOrientationLandscapeRight";
				IPHONEOS_DEPLOYMENT_TARGET = 16.0;
				LD_RUNPATH_SEARCH_PATHS = (
					"$(inherited)",
					"@executable_path/Frameworks",
				);
				MARKETING_VERSION = 1.0;
				PRODUCT_BUNDLE_IDENTIFIER = e.Learnify;
				PRODUCT_NAME = "$(TARGET_NAME)";
				SWIFT_EMIT_LOC_STRINGS = YES;
				SWIFT_VERSION = 5.0;
				TARGETED_DEVICE_FAMILY = "1,2";
			};
			name = Release;
		};
/* End XCBuildConfiguration section */

/* Begin XCConfigurationList section */
		28FA875E2BC31BC7004BC00F /* Build configuration list for PBXNativeTarget "LearnifyTests" */ = {
			isa = XCConfigurationList;
			buildConfigurations = (
				28FA875C2BC31BC7004BC00F /* Debug */,
				28FA875D2BC31BC7004BC00F /* Release */,
			);
			defaultConfigurationIsVisible = 0;
			defaultConfigurationName = Release;
		};
		28FA876B2BC31BF1004BC00F /* Build configuration list for PBXNativeTarget "LearnifyUITests" */ = {
			isa = XCConfigurationList;
			buildConfigurations = (
				28FA876C2BC31BF1004BC00F /* Debug */,
				28FA876D2BC31BF1004BC00F /* Release */,
			);
			defaultConfigurationIsVisible = 0;
			defaultConfigurationName = Release;
		};
		CEA634EB2BAB61D300575962 /* Build configuration list for PBXProject "Learnify" */ = {
			isa = XCConfigurationList;
			buildConfigurations = (
				CEA635022BAB61D300575962 /* Debug */,
				CEA635032BAB61D300575962 /* Release */,
			);
			defaultConfigurationIsVisible = 0;
			defaultConfigurationName = Release;
		};
		CEA635042BAB61D300575962 /* Build configuration list for PBXNativeTarget "Learnify" */ = {
			isa = XCConfigurationList;
			buildConfigurations = (
				CEA635052BAB61D300575962 /* Debug */,
				CEA635062BAB61D300575962 /* Release */,
			);
			defaultConfigurationIsVisible = 0;
			defaultConfigurationName = Release;
		};
/* End XCConfigurationList section */

/* Begin XCRemoteSwiftPackageReference section */
		281B5F1B2BACC59D00378947 /* XCRemoteSwiftPackageReference "lottie-ios" */ = {
			isa = XCRemoteSwiftPackageReference;
			repositoryURL = "https://github.com/airbnb/lottie-ios";
			requirement = {
				kind = upToNextMajorVersion;
				minimumVersion = 4.4.1;
			};
		};
		CE7371922BB183C000EFD0D1 /* XCRemoteSwiftPackageReference "Swinject" */ = {
			isa = XCRemoteSwiftPackageReference;
			repositoryURL = "https://github.com/Swinject/Swinject";
			requirement = {
				kind = upToNextMajorVersion;
				minimumVersion = 2.0.0;
			};
		};
		CE75F0BB2BC4795C00712CC6 /* XCRemoteSwiftPackageReference "swift-snapshot-testing" */ = {
			isa = XCRemoteSwiftPackageReference;
			repositoryURL = "https://github.com/pointfreeco/swift-snapshot-testing";
			requirement = {
				kind = upToNextMajorVersion;
				minimumVersion = 1.0.0;
			};
		};
		CEA635092BAB69B000575962 /* XCRemoteSwiftPackageReference "SnapKit" */ = {
			isa = XCRemoteSwiftPackageReference;
			repositoryURL = "https://github.com/SnapKit/SnapKit";
			requirement = {
				kind = upToNextMajorVersion;
				minimumVersion = 5.0.0;
			};
		};
/* End XCRemoteSwiftPackageReference section */

/* Begin XCSwiftPackageProductDependency section */
		281B5F1C2BACC59D00378947 /* Lottie */ = {
			isa = XCSwiftPackageProductDependency;
			package = 281B5F1B2BACC59D00378947 /* XCRemoteSwiftPackageReference "lottie-ios" */;
			productName = Lottie;
		};
		CE7371932BB183C000EFD0D1 /* Swinject */ = {
			isa = XCSwiftPackageProductDependency;
			package = CE7371922BB183C000EFD0D1 /* XCRemoteSwiftPackageReference "Swinject" */;
			productName = Swinject;
		};
		CE75F0BC2BC4795C00712CC6 /* SnapshotTesting */ = {
			isa = XCSwiftPackageProductDependency;
			package = CE75F0BB2BC4795C00712CC6 /* XCRemoteSwiftPackageReference "swift-snapshot-testing" */;
			productName = SnapshotTesting;
		};
		CEA6350A2BAB69B000575962 /* SnapKit */ = {
			isa = XCSwiftPackageProductDependency;
			package = CEA635092BAB69B000575962 /* XCRemoteSwiftPackageReference "SnapKit" */;
			productName = SnapKit;
		};
/* End XCSwiftPackageProductDependency section */
	};
	rootObject = CEA634E82BAB61D300575962 /* Project object */;
}
